
Microsoft Visual Studio Solution File, Format Version 12.00
# Visual Studio Version 17
VisualStudioVersion = 17.14.36221.1
MinimumVisualStudioVersion = 10.0.40219.1
Project("{2150E333-8FDC-42A3-9474-1A3956D46DE8}") = "src", "src", "{827E0CD3-B72D-47B6-A68D-7590B98EB39B}"
EndProject
Project("{FAE04EC0-301F-11D3-BF4B-00C04F79EFBC}") = "Infrastructure", "src\Infrastructure\Infrastructure.csproj", "{0C0FB50E-95D6-40E8-B472-6C61778262C3}"
EndProject
Project("{FAE04EC0-301F-11D3-BF4B-00C04F79EFBC}") = "Api", "src\Api\Api.csproj", "{803076EF-E319-41A9-9ABF-92D3CD354C5A}"
EndProject
Project("{2150E333-8FDC-42A3-9474-1A3956D46DE8}") = "Solution Items", "Solution Items", "{8EC462FD-D22E-90A8-E5CE-7E832BA40C5D}"
	ProjectSection(SolutionItems) = preProject
		.editorconfig = .editorconfig
		grafana\provisioning\datasources\datasources.yaml = grafana\provisioning\datasources\datasources.yaml
		Directory.Build.props = Directory.Build.props
		Directory.Packages.props = Directory.Packages.props
		otel-collector-config.yaml = otel-collector-config.yaml
		prometheus.yml = prometheus.yml
	EndProjectSection
EndProject
Project("{E53339B2-1760-4266-BCC7-CA923CBCF16C}") = "docker-compose", "docker-compose.dcproj", "{81DDED9D-158B-E303-5F62-77A2896D2A5A}"
EndProject
Project("{FAE04EC0-301F-11D3-BF4B-00C04F79EFBC}") = "SharedKernel", "src\SharedKernel\SharedKernel.csproj", "{EC54A57F-6035-4C90-98B0-B78B6A6B01D6}"
EndProject
Project("{FAE04EC0-301F-11D3-BF4B-00C04F79EFBC}") = "Identity", "src\Identity\Identity.csproj", "{67254AE8-EAE2-4325-BA88-2CD5DBB7F196}"
EndProject
Project("{2150E333-8FDC-42A3-9474-1A3956D46DE8}") = "Modules", "Modules", "{02EA681E-C7D8-13C7-8484-4AC65E1B71E8}"
EndProject
Project("{2150E333-8FDC-42A3-9474-1A3956D46DE8}") = "Attachments", "Attachments", "{FA21B61D-EB2F-48B2-8E91-DD409BA43BD8}"
EndProject
Project("{2150E333-8FDC-42A3-9474-1A3956D46DE8}") = "Cards", "Cards", "{FFE6F0B7-5505-48CD-81A6-03E4D32071EF}"
EndProject
Project("{2150E333-8FDC-42A3-9474-1A3956D46DE8}") = "CheckLists", "CheckLists", "{4A2EBE87-C86B-4B38-ADD7-FCFECF1F9F8A}"
EndProject
Project("{2150E333-8FDC-42A3-9474-1A3956D46DE8}") = "Comments", "Comments", "{2217690C-D7C0-43BC-84D2-D85C4F04C51A}"
EndProject
Project("{2150E333-8FDC-42A3-9474-1A3956D46DE8}") = "Labels", "Labels", "{81561802-8010-4C83-B67F-BD77663DEC79}"
EndProject
Project("{2150E333-8FDC-42A3-9474-1A3956D46DE8}") = "Users", "Users", "{6778BF59-9548-41B2-B4D5-CCA3EA4F7A3A}"
EndProject
Project("{2150E333-8FDC-42A3-9474-1A3956D46DE8}") = "Boards", "Boards", "{4A8E35B1-4E18-4102-B708-CE884BB0C240}"
EndProject
Project("{FAE04EC0-301F-11D3-BF4B-00C04F79EFBC}") = "Attachments.Domain", "src\Modules\Attachments\Attachments.Domain\Attachments.Domain.csproj", "{0C27F0D4-E2CC-5F68-A4F4-56AA38DE0BB0}"
EndProject
Project("{FAE04EC0-301F-11D3-BF4B-00C04F79EFBC}") = "Attachments.Infrastructure", "src\Modules\Attachments\Attachments.Infrastructure\Attachments.Infrastructure.csproj", "{0B457535-EFBA-FB49-2515-6BA249C0E081}"
EndProject
Project("{FAE04EC0-301F-11D3-BF4B-00C04F79EFBC}") = "Boards.Application", "src\Modules\Boards\Boards.Application\Boards.Application.csproj", "{92A89764-5AD3-053F-3D72-A9B8732983CC}"
EndProject
Project("{FAE04EC0-301F-11D3-BF4B-00C04F79EFBC}") = "Boards.Domain", "src\Modules\Boards\Boards.Domain\Boards.Domain.csproj", "{85A38AE1-A4A3-9067-DC5F-1C7BEF639FE0}"
EndProject
Project("{FAE04EC0-301F-11D3-BF4B-00C04F79EFBC}") = "Boards.Resources", "src\Modules\Boards\Boards.Resources\Boards.Resources.csproj", "{6B4ABB65-D98E-0F0F-C8D2-7CD2CD706D67}"
EndProject
Project("{FAE04EC0-301F-11D3-BF4B-00C04F79EFBC}") = "Cards.Domain", "src\Modules\Cards\Cards.Domain\Cards.Domain.csproj", "{67251A25-9832-8D21-B250-B6231745941D}"
EndProject
Project("{FAE04EC0-301F-11D3-BF4B-00C04F79EFBC}") = "Cards.Infrastructure", "src\Modules\Cards\Cards.Infrastructure\Cards.Infrastructure.csproj", "{D10D9C14-61DE-E724-4DBA-03E37B870816}"
EndProject
Project("{FAE04EC0-301F-11D3-BF4B-00C04F79EFBC}") = "CheckLists.Domain", "src\Modules\CheckLists\CheckLists.Domain\CheckLists.Domain.csproj", "{7DE9677B-BFC2-E2C3-1FC6-D1DC85AA5A76}"
EndProject
Project("{FAE04EC0-301F-11D3-BF4B-00C04F79EFBC}") = "CheckLists.Infrastructure", "src\Modules\CheckLists\CheckLists.Infrastructure\CheckLists.Infrastructure.csproj", "{A9D97769-52B5-0C80-F5F0-5379E8D5112E}"
EndProject
Project("{FAE04EC0-301F-11D3-BF4B-00C04F79EFBC}") = "Comments.Domain", "src\Modules\Comments\Comments.Domain\Comments.Domain.csproj", "{0830D3FD-CFAA-8D91-D178-A8E5052A13F9}"
EndProject
Project("{FAE04EC0-301F-11D3-BF4B-00C04F79EFBC}") = "Comments.Infrastructure", "src\Modules\Comments\Comments.Infrastructure\Comments.Infrastructure.csproj", "{60BED0CC-0BAB-3227-3861-4A1190D9968C}"
EndProject
Project("{FAE04EC0-301F-11D3-BF4B-00C04F79EFBC}") = "Labels.Infrastructure", "src\Modules\Labels\Labels.Infrastructure\Labels.Infrastructure.csproj", "{6644CF91-AF5E-9B53-B11B-41FE36BCF208}"
EndProject
Project("{FAE04EC0-301F-11D3-BF4B-00C04F79EFBC}") = "Labels.Domain", "src\Modules\Labels\Labels.Domain\Labels.Domain.csproj", "{3B2D9375-5B0C-C691-0F57-4364373A27FF}"
EndProject
Project("{FAE04EC0-301F-11D3-BF4B-00C04F79EFBC}") = "Users.Domain", "src\Modules\Users\Users.Domain\Users.Domain.csproj", "{264CEB1C-93C4-8B5A-1AEE-88E941E263F1}"
EndProject
Project("{FAE04EC0-301F-11D3-BF4B-00C04F79EFBC}") = "Users.Infrastructure", "src\Modules\Users\Users.Infrastructure\Users.Infrastructure.csproj", "{722D4FFC-0923-9951-9D8F-3F50D95E7EDC}"
EndProject
Project("{FAE04EC0-301F-11D3-BF4B-00C04F79EFBC}") = "Boards.Infrastructure", "src\Modules\Boards\Boards.Infrastructure\Boards.Infrastructure.csproj", "{A433D547-9142-9CA0-D7E1-09194F0C4EE7}"
EndProject
Global
	GlobalSection(SolutionConfigurationPlatforms) = preSolution
		Debug|Any CPU = Debug|Any CPU
		Debug|x64 = Debug|x64
		Debug|x86 = Debug|x86
		Release|Any CPU = Release|Any CPU
		Release|x64 = Release|x64
		Release|x86 = Release|x86
	EndGlobalSection
	GlobalSection(ProjectConfigurationPlatforms) = postSolution
		{0C0FB50E-95D6-40E8-B472-6C61778262C3}.Debug|Any CPU.ActiveCfg = Debug|Any CPU
		{0C0FB50E-95D6-40E8-B472-6C61778262C3}.Debug|Any CPU.Build.0 = Debug|Any CPU
		{0C0FB50E-95D6-40E8-B472-6C61778262C3}.Debug|x64.ActiveCfg = Debug|Any CPU
		{0C0FB50E-95D6-40E8-B472-6C61778262C3}.Debug|x64.Build.0 = Debug|Any CPU
		{0C0FB50E-95D6-40E8-B472-6C61778262C3}.Debug|x86.ActiveCfg = Debug|Any CPU
		{0C0FB50E-95D6-40E8-B472-6C61778262C3}.Debug|x86.Build.0 = Debug|Any CPU
		{0C0FB50E-95D6-40E8-B472-6C61778262C3}.Release|Any CPU.ActiveCfg = Release|Any CPU
		{0C0FB50E-95D6-40E8-B472-6C61778262C3}.Release|Any CPU.Build.0 = Release|Any CPU
		{0C0FB50E-95D6-40E8-B472-6C61778262C3}.Release|x64.ActiveCfg = Release|Any CPU
		{0C0FB50E-95D6-40E8-B472-6C61778262C3}.Release|x64.Build.0 = Release|Any CPU
		{0C0FB50E-95D6-40E8-B472-6C61778262C3}.Release|x86.ActiveCfg = Release|Any CPU
		{0C0FB50E-95D6-40E8-B472-6C61778262C3}.Release|x86.Build.0 = Release|Any CPU
		{803076EF-E319-41A9-9ABF-92D3CD354C5A}.Debug|Any CPU.ActiveCfg = Debug|Any CPU
		{803076EF-E319-41A9-9ABF-92D3CD354C5A}.Debug|Any CPU.Build.0 = Debug|Any CPU
		{803076EF-E319-41A9-9ABF-92D3CD354C5A}.Debug|x64.ActiveCfg = Debug|Any CPU
		{803076EF-E319-41A9-9ABF-92D3CD354C5A}.Debug|x64.Build.0 = Debug|Any CPU
		{803076EF-E319-41A9-9ABF-92D3CD354C5A}.Debug|x86.ActiveCfg = Debug|Any CPU
		{803076EF-E319-41A9-9ABF-92D3CD354C5A}.Debug|x86.Build.0 = Debug|Any CPU
		{803076EF-E319-41A9-9ABF-92D3CD354C5A}.Release|Any CPU.ActiveCfg = Release|Any CPU
		{803076EF-E319-41A9-9ABF-92D3CD354C5A}.Release|Any CPU.Build.0 = Release|Any CPU
		{803076EF-E319-41A9-9ABF-92D3CD354C5A}.Release|x64.ActiveCfg = Release|Any CPU
		{803076EF-E319-41A9-9ABF-92D3CD354C5A}.Release|x64.Build.0 = Release|Any CPU
		{803076EF-E319-41A9-9ABF-92D3CD354C5A}.Release|x86.ActiveCfg = Release|Any CPU
		{803076EF-E319-41A9-9ABF-92D3CD354C5A}.Release|x86.Build.0 = Release|Any CPU
		{81DDED9D-158B-E303-5F62-77A2896D2A5A}.Debug|Any CPU.ActiveCfg = Debug|Any CPU
		{81DDED9D-158B-E303-5F62-77A2896D2A5A}.Debug|Any CPU.Build.0 = Debug|Any CPU
		{81DDED9D-158B-E303-5F62-77A2896D2A5A}.Debug|x64.ActiveCfg = Debug|Any CPU
		{81DDED9D-158B-E303-5F62-77A2896D2A5A}.Debug|x64.Build.0 = Debug|Any CPU
		{81DDED9D-158B-E303-5F62-77A2896D2A5A}.Debug|x86.ActiveCfg = Debug|Any CPU
		{81DDED9D-158B-E303-5F62-77A2896D2A5A}.Debug|x86.Build.0 = Debug|Any CPU
		{81DDED9D-158B-E303-5F62-77A2896D2A5A}.Release|Any CPU.ActiveCfg = Release|Any CPU
		{81DDED9D-158B-E303-5F62-77A2896D2A5A}.Release|Any CPU.Build.0 = Release|Any CPU
		{81DDED9D-158B-E303-5F62-77A2896D2A5A}.Release|x64.ActiveCfg = Release|Any CPU
		{81DDED9D-158B-E303-5F62-77A2896D2A5A}.Release|x64.Build.0 = Release|Any CPU
		{81DDED9D-158B-E303-5F62-77A2896D2A5A}.Release|x86.ActiveCfg = Release|Any CPU
		{81DDED9D-158B-E303-5F62-77A2896D2A5A}.Release|x86.Build.0 = Release|Any CPU
		{EC54A57F-6035-4C90-98B0-B78B6A6B01D6}.Debug|Any CPU.ActiveCfg = Debug|Any CPU
		{EC54A57F-6035-4C90-98B0-B78B6A6B01D6}.Debug|Any CPU.Build.0 = Debug|Any CPU
		{EC54A57F-6035-4C90-98B0-B78B6A6B01D6}.Debug|x64.ActiveCfg = Debug|Any CPU
		{EC54A57F-6035-4C90-98B0-B78B6A6B01D6}.Debug|x64.Build.0 = Debug|Any CPU
		{EC54A57F-6035-4C90-98B0-B78B6A6B01D6}.Debug|x86.ActiveCfg = Debug|Any CPU
		{EC54A57F-6035-4C90-98B0-B78B6A6B01D6}.Debug|x86.Build.0 = Debug|Any CPU
		{EC54A57F-6035-4C90-98B0-B78B6A6B01D6}.Release|Any CPU.ActiveCfg = Release|Any CPU
		{EC54A57F-6035-4C90-98B0-B78B6A6B01D6}.Release|Any CPU.Build.0 = Release|Any CPU
		{EC54A57F-6035-4C90-98B0-B78B6A6B01D6}.Release|x64.ActiveCfg = Release|Any CPU
		{EC54A57F-6035-4C90-98B0-B78B6A6B01D6}.Release|x64.Build.0 = Release|Any CPU
		{EC54A57F-6035-4C90-98B0-B78B6A6B01D6}.Release|x86.ActiveCfg = Release|Any CPU
		{EC54A57F-6035-4C90-98B0-B78B6A6B01D6}.Release|x86.Build.0 = Release|Any CPU
		{67254AE8-EAE2-4325-BA88-2CD5DBB7F196}.Debug|Any CPU.ActiveCfg = Debug|Any CPU
		{67254AE8-EAE2-4325-BA88-2CD5DBB7F196}.Debug|Any CPU.Build.0 = Debug|Any CPU
		{67254AE8-EAE2-4325-BA88-2CD5DBB7F196}.Debug|x64.ActiveCfg = Debug|Any CPU
		{67254AE8-EAE2-4325-BA88-2CD5DBB7F196}.Debug|x64.Build.0 = Debug|Any CPU
		{67254AE8-EAE2-4325-BA88-2CD5DBB7F196}.Debug|x86.ActiveCfg = Debug|Any CPU
		{67254AE8-EAE2-4325-BA88-2CD5DBB7F196}.Debug|x86.Build.0 = Debug|Any CPU
		{67254AE8-EAE2-4325-BA88-2CD5DBB7F196}.Release|Any CPU.ActiveCfg = Release|Any CPU
		{67254AE8-EAE2-4325-BA88-2CD5DBB7F196}.Release|Any CPU.Build.0 = Release|Any CPU
		{67254AE8-EAE2-4325-BA88-2CD5DBB7F196}.Release|x64.ActiveCfg = Release|Any CPU
		{67254AE8-EAE2-4325-BA88-2CD5DBB7F196}.Release|x64.Build.0 = Release|Any CPU
		{67254AE8-EAE2-4325-BA88-2CD5DBB7F196}.Release|x86.ActiveCfg = Release|Any CPU
		{67254AE8-EAE2-4325-BA88-2CD5DBB7F196}.Release|x86.Build.0 = Release|Any CPU
		{0C27F0D4-E2CC-5F68-A4F4-56AA38DE0BB0}.Debug|Any CPU.ActiveCfg = Debug|Any CPU
		{0C27F0D4-E2CC-5F68-A4F4-56AA38DE0BB0}.Debug|Any CPU.Build.0 = Debug|Any CPU
		{0C27F0D4-E2CC-5F68-A4F4-56AA38DE0BB0}.Debug|x64.ActiveCfg = Debug|Any CPU
		{0C27F0D4-E2CC-5F68-A4F4-56AA38DE0BB0}.Debug|x64.Build.0 = Debug|Any CPU
		{0C27F0D4-E2CC-5F68-A4F4-56AA38DE0BB0}.Debug|x86.ActiveCfg = Debug|Any CPU
		{0C27F0D4-E2CC-5F68-A4F4-56AA38DE0BB0}.Debug|x86.Build.0 = Debug|Any CPU
		{0C27F0D4-E2CC-5F68-A4F4-56AA38DE0BB0}.Release|Any CPU.ActiveCfg = Release|Any CPU
		{0C27F0D4-E2CC-5F68-A4F4-56AA38DE0BB0}.Release|Any CPU.Build.0 = Release|Any CPU
		{0C27F0D4-E2CC-5F68-A4F4-56AA38DE0BB0}.Release|x64.ActiveCfg = Release|Any CPU
		{0C27F0D4-E2CC-5F68-A4F4-56AA38DE0BB0}.Release|x64.Build.0 = Release|Any CPU
		{0C27F0D4-E2CC-5F68-A4F4-56AA38DE0BB0}.Release|x86.ActiveCfg = Release|Any CPU
		{0C27F0D4-E2CC-5F68-A4F4-56AA38DE0BB0}.Release|x86.Build.0 = Release|Any CPU
		{0B457535-EFBA-FB49-2515-6BA249C0E081}.Debug|Any CPU.ActiveCfg = Debug|Any CPU
		{0B457535-EFBA-FB49-2515-6BA249C0E081}.Debug|Any CPU.Build.0 = Debug|Any CPU
		{0B457535-EFBA-FB49-2515-6BA249C0E081}.Debug|x64.ActiveCfg = Debug|Any CPU
		{0B457535-EFBA-FB49-2515-6BA249C0E081}.Debug|x64.Build.0 = Debug|Any CPU
		{0B457535-EFBA-FB49-2515-6BA249C0E081}.Debug|x86.ActiveCfg = Debug|Any CPU
		{0B457535-EFBA-FB49-2515-6BA249C0E081}.Debug|x86.Build.0 = Debug|Any CPU
		{0B457535-EFBA-FB49-2515-6BA249C0E081}.Release|Any CPU.ActiveCfg = Release|Any CPU
		{0B457535-EFBA-FB49-2515-6BA249C0E081}.Release|Any CPU.Build.0 = Release|Any CPU
		{0B457535-EFBA-FB49-2515-6BA249C0E081}.Release|x64.ActiveCfg = Release|Any CPU
		{0B457535-EFBA-FB49-2515-6BA249C0E081}.Release|x64.Build.0 = Release|Any CPU
		{0B457535-EFBA-FB49-2515-6BA249C0E081}.Release|x86.ActiveCfg = Release|Any CPU
		{0B457535-EFBA-FB49-2515-6BA249C0E081}.Release|x86.Build.0 = Release|Any CPU
		{92A89764-5AD3-053F-3D72-A9B8732983CC}.Debug|Any CPU.ActiveCfg = Debug|Any CPU
		{92A89764-5AD3-053F-3D72-A9B8732983CC}.Debug|Any CPU.Build.0 = Debug|Any CPU
		{92A89764-5AD3-053F-3D72-A9B8732983CC}.Debug|x64.ActiveCfg = Debug|Any CPU
		{92A89764-5AD3-053F-3D72-A9B8732983CC}.Debug|x64.Build.0 = Debug|Any CPU
		{92A89764-5AD3-053F-3D72-A9B8732983CC}.Debug|x86.ActiveCfg = Debug|Any CPU
		{92A89764-5AD3-053F-3D72-A9B8732983CC}.Debug|x86.Build.0 = Debug|Any CPU
		{92A89764-5AD3-053F-3D72-A9B8732983CC}.Release|Any CPU.ActiveCfg = Release|Any CPU
		{92A89764-5AD3-053F-3D72-A9B8732983CC}.Release|Any CPU.Build.0 = Release|Any CPU
		{92A89764-5AD3-053F-3D72-A9B8732983CC}.Release|x64.ActiveCfg = Release|Any CPU
		{92A89764-5AD3-053F-3D72-A9B8732983CC}.Release|x64.Build.0 = Release|Any CPU
		{92A89764-5AD3-053F-3D72-A9B8732983CC}.Release|x86.ActiveCfg = Release|Any CPU
		{92A89764-5AD3-053F-3D72-A9B8732983CC}.Release|x86.Build.0 = Release|Any CPU
		{85A38AE1-A4A3-9067-DC5F-1C7BEF639FE0}.Debug|Any CPU.ActiveCfg = Debug|Any CPU
		{85A38AE1-A4A3-9067-DC5F-1C7BEF639FE0}.Debug|Any CPU.Build.0 = Debug|Any CPU
		{85A38AE1-A4A3-9067-DC5F-1C7BEF639FE0}.Debug|x64.ActiveCfg = Debug|Any CPU
		{85A38AE1-A4A3-9067-DC5F-1C7BEF639FE0}.Debug|x64.Build.0 = Debug|Any CPU
		{85A38AE1-A4A3-9067-DC5F-1C7BEF639FE0}.Debug|x86.ActiveCfg = Debug|Any CPU
		{85A38AE1-A4A3-9067-DC5F-1C7BEF639FE0}.Debug|x86.Build.0 = Debug|Any CPU
		{85A38AE1-A4A3-9067-DC5F-1C7BEF639FE0}.Release|Any CPU.ActiveCfg = Release|Any CPU
		{85A38AE1-A4A3-9067-DC5F-1C7BEF639FE0}.Release|Any CPU.Build.0 = Release|Any CPU
		{85A38AE1-A4A3-9067-DC5F-1C7BEF639FE0}.Release|x64.ActiveCfg = Release|Any CPU
		{85A38AE1-A4A3-9067-DC5F-1C7BEF639FE0}.Release|x64.Build.0 = Release|Any CPU
		{85A38AE1-A4A3-9067-DC5F-1C7BEF639FE0}.Release|x86.ActiveCfg = Release|Any CPU
		{85A38AE1-A4A3-9067-DC5F-1C7BEF639FE0}.Release|x86.Build.0 = Release|Any CPU
		{6B4ABB65-D98E-0F0F-C8D2-7CD2CD706D67}.Debug|Any CPU.ActiveCfg = Debug|Any CPU
		{6B4ABB65-D98E-0F0F-C8D2-7CD2CD706D67}.Debug|Any CPU.Build.0 = Debug|Any CPU
		{6B4ABB65-D98E-0F0F-C8D2-7CD2CD706D67}.Debug|x64.ActiveCfg = Debug|Any CPU
		{6B4ABB65-D98E-0F0F-C8D2-7CD2CD706D67}.Debug|x64.Build.0 = Debug|Any CPU
		{6B4ABB65-D98E-0F0F-C8D2-7CD2CD706D67}.Debug|x86.ActiveCfg = Debug|Any CPU
		{6B4ABB65-D98E-0F0F-C8D2-7CD2CD706D67}.Debug|x86.Build.0 = Debug|Any CPU
		{6B4ABB65-D98E-0F0F-C8D2-7CD2CD706D67}.Release|Any CPU.ActiveCfg = Release|Any CPU
		{6B4ABB65-D98E-0F0F-C8D2-7CD2CD706D67}.Release|Any CPU.Build.0 = Release|Any CPU
		{6B4ABB65-D98E-0F0F-C8D2-7CD2CD706D67}.Release|x64.ActiveCfg = Release|Any CPU
		{6B4ABB65-D98E-0F0F-C8D2-7CD2CD706D67}.Release|x64.Build.0 = Release|Any CPU
		{6B4ABB65-D98E-0F0F-C8D2-7CD2CD706D67}.Release|x86.ActiveCfg = Release|Any CPU
		{6B4ABB65-D98E-0F0F-C8D2-7CD2CD706D67}.Release|x86.Build.0 = Release|Any CPU
		{67251A25-9832-8D21-B250-B6231745941D}.Debug|Any CPU.ActiveCfg = Debug|Any CPU
		{67251A25-9832-8D21-B250-B6231745941D}.Debug|Any CPU.Build.0 = Debug|Any CPU
		{67251A25-9832-8D21-B250-B6231745941D}.Debug|x64.ActiveCfg = Debug|Any CPU
		{67251A25-9832-8D21-B250-B6231745941D}.Debug|x64.Build.0 = Debug|Any CPU
		{67251A25-9832-8D21-B250-B6231745941D}.Debug|x86.ActiveCfg = Debug|Any CPU
		{67251A25-9832-8D21-B250-B6231745941D}.Debug|x86.Build.0 = Debug|Any CPU
		{67251A25-9832-8D21-B250-B6231745941D}.Release|Any CPU.ActiveCfg = Release|Any CPU
		{67251A25-9832-8D21-B250-B6231745941D}.Release|Any CPU.Build.0 = Release|Any CPU
		{67251A25-9832-8D21-B250-B6231745941D}.Release|x64.ActiveCfg = Release|Any CPU
		{67251A25-9832-8D21-B250-B6231745941D}.Release|x64.Build.0 = Release|Any CPU
		{67251A25-9832-8D21-B250-B6231745941D}.Release|x86.ActiveCfg = Release|Any CPU
		{67251A25-9832-8D21-B250-B6231745941D}.Release|x86.Build.0 = Release|Any CPU
		{D10D9C14-61DE-E724-4DBA-03E37B870816}.Debug|Any CPU.ActiveCfg = Debug|Any CPU
		{D10D9C14-61DE-E724-4DBA-03E37B870816}.Debug|Any CPU.Build.0 = Debug|Any CPU
		{D10D9C14-61DE-E724-4DBA-03E37B870816}.Debug|x64.ActiveCfg = Debug|Any CPU
		{D10D9C14-61DE-E724-4DBA-03E37B870816}.Debug|x64.Build.0 = Debug|Any CPU
		{D10D9C14-61DE-E724-4DBA-03E37B870816}.Debug|x86.ActiveCfg = Debug|Any CPU
		{D10D9C14-61DE-E724-4DBA-03E37B870816}.Debug|x86.Build.0 = Debug|Any CPU
		{D10D9C14-61DE-E724-4DBA-03E37B870816}.Release|Any CPU.ActiveCfg = Release|Any CPU
		{D10D9C14-61DE-E724-4DBA-03E37B870816}.Release|Any CPU.Build.0 = Release|Any CPU
		{D10D9C14-61DE-E724-4DBA-03E37B870816}.Release|x64.ActiveCfg = Release|Any CPU
		{D10D9C14-61DE-E724-4DBA-03E37B870816}.Release|x64.Build.0 = Release|Any CPU
		{D10D9C14-61DE-E724-4DBA-03E37B870816}.Release|x86.ActiveCfg = Release|Any CPU
		{D10D9C14-61DE-E724-4DBA-03E37B870816}.Release|x86.Build.0 = Release|Any CPU
		{7DE9677B-BFC2-E2C3-1FC6-D1DC85AA5A76}.Debug|Any CPU.ActiveCfg = Debug|Any CPU
		{7DE9677B-BFC2-E2C3-1FC6-D1DC85AA5A76}.Debug|Any CPU.Build.0 = Debug|Any CPU
		{7DE9677B-BFC2-E2C3-1FC6-D1DC85AA5A76}.Debug|x64.ActiveCfg = Debug|Any CPU
		{7DE9677B-BFC2-E2C3-1FC6-D1DC85AA5A76}.Debug|x64.Build.0 = Debug|Any CPU
		{7DE9677B-BFC2-E2C3-1FC6-D1DC85AA5A76}.Debug|x86.ActiveCfg = Debug|Any CPU
		{7DE9677B-BFC2-E2C3-1FC6-D1DC85AA5A76}.Debug|x86.Build.0 = Debug|Any CPU
		{7DE9677B-BFC2-E2C3-1FC6-D1DC85AA5A76}.Release|Any CPU.ActiveCfg = Release|Any CPU
		{7DE9677B-BFC2-E2C3-1FC6-D1DC85AA5A76}.Release|Any CPU.Build.0 = Release|Any CPU
		{7DE9677B-BFC2-E2C3-1FC6-D1DC85AA5A76}.Release|x64.ActiveCfg = Release|Any CPU
		{7DE9677B-BFC2-E2C3-1FC6-D1DC85AA5A76}.Release|x64.Build.0 = Release|Any CPU
		{7DE9677B-BFC2-E2C3-1FC6-D1DC85AA5A76}.Release|x86.ActiveCfg = Release|Any CPU
		{7DE9677B-BFC2-E2C3-1FC6-D1DC85AA5A76}.Release|x86.Build.0 = Release|Any CPU
		{A9D97769-52B5-0C80-F5F0-5379E8D5112E}.Debug|Any CPU.ActiveCfg = Debug|Any CPU
		{A9D97769-52B5-0C80-F5F0-5379E8D5112E}.Debug|Any CPU.Build.0 = Debug|Any CPU
		{A9D97769-52B5-0C80-F5F0-5379E8D5112E}.Debug|x64.ActiveCfg = Debug|Any CPU
		{A9D97769-52B5-0C80-F5F0-5379E8D5112E}.Debug|x64.Build.0 = Debug|Any CPU
		{A9D97769-52B5-0C80-F5F0-5379E8D5112E}.Debug|x86.ActiveCfg = Debug|Any CPU
		{A9D97769-52B5-0C80-F5F0-5379E8D5112E}.Debug|x86.Build.0 = Debug|Any CPU
		{A9D97769-52B5-0C80-F5F0-5379E8D5112E}.Release|Any CPU.ActiveCfg = Release|Any CPU
		{A9D97769-52B5-0C80-F5F0-5379E8D5112E}.Release|Any CPU.Build.0 = Release|Any CPU
		{A9D97769-52B5-0C80-F5F0-5379E8D5112E}.Release|x64.ActiveCfg = Release|Any CPU
		{A9D97769-52B5-0C80-F5F0-5379E8D5112E}.Release|x64.Build.0 = Release|Any CPU
		{A9D97769-52B5-0C80-F5F0-5379E8D5112E}.Release|x86.ActiveCfg = Release|Any CPU
		{A9D97769-52B5-0C80-F5F0-5379E8D5112E}.Release|x86.Build.0 = Release|Any CPU
		{0830D3FD-CFAA-8D91-D178-A8E5052A13F9}.Debug|Any CPU.ActiveCfg = Debug|Any CPU
		{0830D3FD-CFAA-8D91-D178-A8E5052A13F9}.Debug|Any CPU.Build.0 = Debug|Any CPU
		{0830D3FD-CFAA-8D91-D178-A8E5052A13F9}.Debug|x64.ActiveCfg = Debug|Any CPU
		{0830D3FD-CFAA-8D91-D178-A8E5052A13F9}.Debug|x64.Build.0 = Debug|Any CPU
		{0830D3FD-CFAA-8D91-D178-A8E5052A13F9}.Debug|x86.ActiveCfg = Debug|Any CPU
		{0830D3FD-CFAA-8D91-D178-A8E5052A13F9}.Debug|x86.Build.0 = Debug|Any CPU
		{0830D3FD-CFAA-8D91-D178-A8E5052A13F9}.Release|Any CPU.ActiveCfg = Release|Any CPU
		{0830D3FD-CFAA-8D91-D178-A8E5052A13F9}.Release|Any CPU.Build.0 = Release|Any CPU
		{0830D3FD-CFAA-8D91-D178-A8E5052A13F9}.Release|x64.ActiveCfg = Release|Any CPU
		{0830D3FD-CFAA-8D91-D178-A8E5052A13F9}.Release|x64.Build.0 = Release|Any CPU
		{0830D3FD-CFAA-8D91-D178-A8E5052A13F9}.Release|x86.ActiveCfg = Release|Any CPU
		{0830D3FD-CFAA-8D91-D178-A8E5052A13F9}.Release|x86.Build.0 = Release|Any CPU
		{60BED0CC-0BAB-3227-3861-4A1190D9968C}.Debug|Any CPU.ActiveCfg = Debug|Any CPU
		{60BED0CC-0BAB-3227-3861-4A1190D9968C}.Debug|Any CPU.Build.0 = Debug|Any CPU
		{60BED0CC-0BAB-3227-3861-4A1190D9968C}.Debug|x64.ActiveCfg = Debug|Any CPU
		{60BED0CC-0BAB-3227-3861-4A1190D9968C}.Debug|x64.Build.0 = Debug|Any CPU
		{60BED0CC-0BAB-3227-3861-4A1190D9968C}.Debug|x86.ActiveCfg = Debug|Any CPU
		{60BED0CC-0BAB-3227-3861-4A1190D9968C}.Debug|x86.Build.0 = Debug|Any CPU
		{60BED0CC-0BAB-3227-3861-4A1190D9968C}.Release|Any CPU.ActiveCfg = Release|Any CPU
		{60BED0CC-0BAB-3227-3861-4A1190D9968C}.Release|Any CPU.Build.0 = Release|Any CPU
		{60BED0CC-0BAB-3227-3861-4A1190D9968C}.Release|x64.ActiveCfg = Release|Any CPU
		{60BED0CC-0BAB-3227-3861-4A1190D9968C}.Release|x64.Build.0 = Release|Any CPU
		{60BED0CC-0BAB-3227-3861-4A1190D9968C}.Release|x86.ActiveCfg = Release|Any CPU
		{60BED0CC-0BAB-3227-3861-4A1190D9968C}.Release|x86.Build.0 = Release|Any CPU
		{6644CF91-AF5E-9B53-B11B-41FE36BCF208}.Debug|Any CPU.ActiveCfg = Debug|Any CPU
		{6644CF91-AF5E-9B53-B11B-41FE36BCF208}.Debug|Any CPU.Build.0 = Debug|Any CPU
		{6644CF91-AF5E-9B53-B11B-41FE36BCF208}.Debug|x64.ActiveCfg = Debug|Any CPU
		{6644CF91-AF5E-9B53-B11B-41FE36BCF208}.Debug|x64.Build.0 = Debug|Any CPU
		{6644CF91-AF5E-9B53-B11B-41FE36BCF208}.Debug|x86.ActiveCfg = Debug|Any CPU
		{6644CF91-AF5E-9B53-B11B-41FE36BCF208}.Debug|x86.Build.0 = Debug|Any CPU
		{6644CF91-AF5E-9B53-B11B-41FE36BCF208}.Release|Any CPU.ActiveCfg = Release|Any CPU
		{6644CF91-AF5E-9B53-B11B-41FE36BCF208}.Release|Any CPU.Build.0 = Release|Any CPU
		{6644CF91-AF5E-9B53-B11B-41FE36BCF208}.Release|x64.ActiveCfg = Release|Any CPU
		{6644CF91-AF5E-9B53-B11B-41FE36BCF208}.Release|x64.Build.0 = Release|Any CPU
		{6644CF91-AF5E-9B53-B11B-41FE36BCF208}.Release|x86.ActiveCfg = Release|Any CPU
		{6644CF91-AF5E-9B53-B11B-41FE36BCF208}.Release|x86.Build.0 = Release|Any CPU
		{3B2D9375-5B0C-C691-0F57-4364373A27FF}.Debug|Any CPU.ActiveCfg = Debug|Any CPU
		{3B2D9375-5B0C-C691-0F57-4364373A27FF}.Debug|Any CPU.Build.0 = Debug|Any CPU
		{3B2D9375-5B0C-C691-0F57-4364373A27FF}.Debug|x64.ActiveCfg = Debug|Any CPU
		{3B2D9375-5B0C-C691-0F57-4364373A27FF}.Debug|x64.Build.0 = Debug|Any CPU
		{3B2D9375-5B0C-C691-0F57-4364373A27FF}.Debug|x86.ActiveCfg = Debug|Any CPU
		{3B2D9375-5B0C-C691-0F57-4364373A27FF}.Debug|x86.Build.0 = Debug|Any CPU
		{3B2D9375-5B0C-C691-0F57-4364373A27FF}.Release|Any CPU.ActiveCfg = Release|Any CPU
		{3B2D9375-5B0C-C691-0F57-4364373A27FF}.Release|Any CPU.Build.0 = Release|Any CPU
		{3B2D9375-5B0C-C691-0F57-4364373A27FF}.Release|x64.ActiveCfg = Release|Any CPU
		{3B2D9375-5B0C-C691-0F57-4364373A27FF}.Release|x64.Build.0 = Release|Any CPU
		{3B2D9375-5B0C-C691-0F57-4364373A27FF}.Release|x86.ActiveCfg = Release|Any CPU
		{3B2D9375-5B0C-C691-0F57-4364373A27FF}.Release|x86.Build.0 = Release|Any CPU
		{264CEB1C-93C4-8B5A-1AEE-88E941E263F1}.Debug|Any CPU.ActiveCfg = Debug|Any CPU
		{264CEB1C-93C4-8B5A-1AEE-88E941E263F1}.Debug|Any CPU.Build.0 = Debug|Any CPU
		{264CEB1C-93C4-8B5A-1AEE-88E941E263F1}.Debug|x64.ActiveCfg = Debug|Any CPU
		{264CEB1C-93C4-8B5A-1AEE-88E941E263F1}.Debug|x64.Build.0 = Debug|Any CPU
		{264CEB1C-93C4-8B5A-1AEE-88E941E263F1}.Debug|x86.ActiveCfg = Debug|Any CPU
		{264CEB1C-93C4-8B5A-1AEE-88E941E263F1}.Debug|x86.Build.0 = Debug|Any CPU
		{264CEB1C-93C4-8B5A-1AEE-88E941E263F1}.Release|Any CPU.ActiveCfg = Release|Any CPU
		{264CEB1C-93C4-8B5A-1AEE-88E941E263F1}.Release|Any CPU.Build.0 = Release|Any CPU
		{264CEB1C-93C4-8B5A-1AEE-88E941E263F1}.Release|x64.ActiveCfg = Release|Any CPU
		{264CEB1C-93C4-8B5A-1AEE-88E941E263F1}.Release|x64.Build.0 = Release|Any CPU
		{264CEB1C-93C4-8B5A-1AEE-88E941E263F1}.Release|x86.ActiveCfg = Release|Any CPU
		{264CEB1C-93C4-8B5A-1AEE-88E941E263F1}.Release|x86.Build.0 = Release|Any CPU
		{722D4FFC-0923-9951-9D8F-3F50D95E7EDC}.Debug|Any CPU.ActiveCfg = Debug|Any CPU
		{722D4FFC-0923-9951-9D8F-3F50D95E7EDC}.Debug|Any CPU.Build.0 = Debug|Any CPU
		{722D4FFC-0923-9951-9D8F-3F50D95E7EDC}.Debug|x64.ActiveCfg = Debug|Any CPU
		{722D4FFC-0923-9951-9D8F-3F50D95E7EDC}.Debug|x64.Build.0 = Debug|Any CPU
		{722D4FFC-0923-9951-9D8F-3F50D95E7EDC}.Debug|x86.ActiveCfg = Debug|Any CPU
		{722D4FFC-0923-9951-9D8F-3F50D95E7EDC}.Debug|x86.Build.0 = Debug|Any CPU
		{722D4FFC-0923-9951-9D8F-3F50D95E7EDC}.Release|Any CPU.ActiveCfg = Release|Any CPU
		{722D4FFC-0923-9951-9D8F-3F50D95E7EDC}.Release|Any CPU.Build.0 = Release|Any CPU
		{722D4FFC-0923-9951-9D8F-3F50D95E7EDC}.Release|x64.ActiveCfg = Release|Any CPU
		{722D4FFC-0923-9951-9D8F-3F50D95E7EDC}.Release|x64.Build.0 = Release|Any CPU
		{722D4FFC-0923-9951-9D8F-3F50D95E7EDC}.Release|x86.ActiveCfg = Release|Any CPU
		{722D4FFC-0923-9951-9D8F-3F50D95E7EDC}.Release|x86.Build.0 = Release|Any CPU
		{A433D547-9142-9CA0-D7E1-09194F0C4EE7}.Debug|Any CPU.ActiveCfg = Debug|Any CPU
		{A433D547-9142-9CA0-D7E1-09194F0C4EE7}.Debug|Any CPU.Build.0 = Debug|Any CPU
		{A433D547-9142-9CA0-D7E1-09194F0C4EE7}.Debug|x64.ActiveCfg = Debug|Any CPU
		{A433D547-9142-9CA0-D7E1-09194F0C4EE7}.Debug|x64.Build.0 = Debug|Any CPU
		{A433D547-9142-9CA0-D7E1-09194F0C4EE7}.Debug|x86.ActiveCfg = Debug|Any CPU
		{A433D547-9142-9CA0-D7E1-09194F0C4EE7}.Debug|x86.Build.0 = Debug|Any CPU
		{A433D547-9142-9CA0-D7E1-09194F0C4EE7}.Release|Any CPU.ActiveCfg = Release|Any CPU
		{A433D547-9142-9CA0-D7E1-09194F0C4EE7}.Release|Any CPU.Build.0 = Release|Any CPU
		{A433D547-9142-9CA0-D7E1-09194F0C4EE7}.Release|x64.ActiveCfg = Release|Any CPU
		{A433D547-9142-9CA0-D7E1-09194F0C4EE7}.Release|x64.Build.0 = Release|Any CPU
		{A433D547-9142-9CA0-D7E1-09194F0C4EE7}.Release|x86.ActiveCfg = Release|Any CPU
		{A433D547-9142-9CA0-D7E1-09194F0C4EE7}.Release|x86.Build.0 = Release|Any CPU
	EndGlobalSection
	GlobalSection(SolutionProperties) = preSolution
		HideSolutionNode = FALSE
	EndGlobalSection
	GlobalSection(NestedProjects) = preSolution
		{0C0FB50E-95D6-40E8-B472-6C61778262C3} = {827E0CD3-B72D-47B6-A68D-7590B98EB39B}
		{803076EF-E319-41A9-9ABF-92D3CD354C5A} = {827E0CD3-B72D-47B6-A68D-7590B98EB39B}
		{8EC462FD-D22E-90A8-E5CE-7E832BA40C5D} = {827E0CD3-B72D-47B6-A68D-7590B98EB39B}
		{EC54A57F-6035-4C90-98B0-B78B6A6B01D6} = {827E0CD3-B72D-47B6-A68D-7590B98EB39B}
		{67254AE8-EAE2-4325-BA88-2CD5DBB7F196} = {827E0CD3-B72D-47B6-A68D-7590B98EB39B}
		{02EA681E-C7D8-13C7-8484-4AC65E1B71E8} = {827E0CD3-B72D-47B6-A68D-7590B98EB39B}
		{FA21B61D-EB2F-48B2-8E91-DD409BA43BD8} = {02EA681E-C7D8-13C7-8484-4AC65E1B71E8}
		{FFE6F0B7-5505-48CD-81A6-03E4D32071EF} = {02EA681E-C7D8-13C7-8484-4AC65E1B71E8}
		{4A2EBE87-C86B-4B38-ADD7-FCFECF1F9F8A} = {02EA681E-C7D8-13C7-8484-4AC65E1B71E8}
		{2217690C-D7C0-43BC-84D2-D85C4F04C51A} = {02EA681E-C7D8-13C7-8484-4AC65E1B71E8}
		{81561802-8010-4C83-B67F-BD77663DEC79} = {02EA681E-C7D8-13C7-8484-4AC65E1B71E8}
		{6778BF59-9548-41B2-B4D5-CCA3EA4F7A3A} = {02EA681E-C7D8-13C7-8484-4AC65E1B71E8}
		{4A8E35B1-4E18-4102-B708-CE884BB0C240} = {02EA681E-C7D8-13C7-8484-4AC65E1B71E8}
		{0C27F0D4-E2CC-5F68-A4F4-56AA38DE0BB0} = {FA21B61D-EB2F-48B2-8E91-DD409BA43BD8}
		{0B457535-EFBA-FB49-2515-6BA249C0E081} = {FA21B61D-EB2F-48B2-8E91-DD409BA43BD8}
		{92A89764-5AD3-053F-3D72-A9B8732983CC} = {4A8E35B1-4E18-4102-B708-CE884BB0C240}
		{85A38AE1-A4A3-9067-DC5F-1C7BEF639FE0} = {4A8E35B1-4E18-4102-B708-CE884BB0C240}
		{6B4ABB65-D98E-0F0F-C8D2-7CD2CD706D67} = {4A8E35B1-4E18-4102-B708-CE884BB0C240}
		{67251A25-9832-8D21-B250-B6231745941D} = {FFE6F0B7-5505-48CD-81A6-03E4D32071EF}
		{D10D9C14-61DE-E724-4DBA-03E37B870816} = {FFE6F0B7-5505-48CD-81A6-03E4D32071EF}
		{7DE9677B-BFC2-E2C3-1FC6-D1DC85AA5A76} = {4A2EBE87-C86B-4B38-ADD7-FCFECF1F9F8A}
		{A9D97769-52B5-0C80-F5F0-5379E8D5112E} = {4A2EBE87-C86B-4B38-ADD7-FCFECF1F9F8A}
		{0830D3FD-CFAA-8D91-D178-A8E5052A13F9} = {2217690C-D7C0-43BC-84D2-D85C4F04C51A}
		{60BED0CC-0BAB-3227-3861-4A1190D9968C} = {2217690C-D7C0-43BC-84D2-D85C4F04C51A}
		{6644CF91-AF5E-9B53-B11B-41FE36BCF208} = {81561802-8010-4C83-B67F-BD77663DEC79}
		{3B2D9375-5B0C-C691-0F57-4364373A27FF} = {81561802-8010-4C83-B67F-BD77663DEC79}
		{264CEB1C-93C4-8B5A-1AEE-88E941E263F1} = {6778BF59-9548-41B2-B4D5-CCA3EA4F7A3A}
		{722D4FFC-0923-9951-9D8F-3F50D95E7EDC} = {6778BF59-9548-41B2-B4D5-CCA3EA4F7A3A}
		{A433D547-9142-9CA0-D7E1-09194F0C4EE7} = {4A8E35B1-4E18-4102-B708-CE884BB0C240}
	EndGlobalSection
	GlobalSection(ExtensibilityGlobals) = postSolution
		SolutionGuid = {68D2B295-60B4-4628-8798-262DD3CE285F}
	EndGlobalSection
EndGlobal
