
Microsoft Visual Studio Solution File, Format Version 12.00
# Visual Studio Version 17
VisualStudioVersion = 17.14.36221.1
MinimumVisualStudioVersion = 10.0.40219.1
Project("{2150E333-8FDC-42A3-9474-1A3956D46DE8}") = "src", "src", "{827E0CD3-B72D-47B6-A68D-7590B98EB39B}"
EndProject
Project("{FAE04EC0-301F-11D3-BF4B-00C04F79EFBC}") = "Infrastructure", "src\Infrastructure\Infrastructure.csproj", "{0C0FB50E-95D6-40E8-B472-6C61778262C3}"
EndProject
Project("{FAE04EC0-301F-11D3-BF4B-00C04F79EFBC}") = "Api", "src\Api\Api.csproj", "{803076EF-E319-41A9-9ABF-92D3CD354C5A}"
EndProject
Project("{2150E333-8FDC-42A3-9474-1A3956D46DE8}") = "Solution Items", "Solution Items", "{8EC462FD-D22E-90A8-E5CE-7E832BA40C5D}"
	ProjectSection(SolutionItems) = preProject
		.editorconfig = .editorconfig
		grafana\provisioning\datasources\datasources.yaml = grafana\provisioning\datasources\datasources.yaml
		Directory.Build.props = Directory.Build.props
		Directory.Packages.props = Directory.Packages.props
		otel-collector-config.yaml = otel-collector-config.yaml
		prometheus.yml = prometheus.yml
	EndProjectSection
EndProject
Project("{E53339B2-1760-4266-BCC7-CA923CBCF16C}") = "docker-compose", "docker-compose.dcproj", "{81DDED9D-158B-E303-5F62-77A2896D2A5A}"
EndProject
Project("{FAE04EC0-301F-11D3-BF4B-00C04F79EFBC}") = "SharedKernel", "src\SharedKernel\SharedKernel.csproj", "{EC54A57F-6035-4C90-98B0-B78B6A6B01D6}"
EndProject
Project("{2150E333-8FDC-42A3-9474-1A3956D46DE8}") = "Features", "Features", "{E81CAA0A-8D6A-E3B6-28B3-AB416E1657A7}"
EndProject
Project("{FAE04EC0-301F-11D3-BF4B-00C04F79EFBC}") = "Boards", "src\Features\Boards\Boards.csproj", "{2BC959B7-BAF5-4146-B765-7CBB2FEAAA3F}"
EndProject
Project("{FAE04EC0-301F-11D3-BF4B-00C04F79EFBC}") = "Cards", "src\Features\Cards\Cards.csproj", "{26C016CF-8440-4765-A0C3-43B5C50E8E4A}"
EndProject
Project("{FAE04EC0-301F-11D3-BF4B-00C04F79EFBC}") = "Labels", "src\Features\Labels\Labels.csproj", "{0EFC126D-126F-4A36-A2F5-4202B1D23736}"
EndProject
Project("{FAE04EC0-301F-11D3-BF4B-00C04F79EFBC}") = "Comments", "src\Features\Comments\Comments.csproj", "{CE008199-2D8C-47E5-9728-A790C5B18D20}"
EndProject
Project("{FAE04EC0-301F-11D3-BF4B-00C04F79EFBC}") = "Attachments", "src\Features\Attachments\Attachments.csproj", "{4A269A52-9EB0-42C9-AF26-90064C4618C2}"
EndProject
Project("{FAE04EC0-301F-11D3-BF4B-00C04F79EFBC}") = "CheckLists", "src\Features\CheckLists\CheckLists.csproj", "{FC108080-C59B-43C8-8BEF-748E5F064509}"
EndProject
Project("{FAE04EC0-301F-11D3-BF4B-00C04F79EFBC}") = "Identity", "src\Identity\Identity.csproj", "{67254AE8-EAE2-4325-BA88-2CD5DBB7F196}"
EndProject
Project("{FAE04EC0-301F-11D3-BF4B-00C04F79EFBC}") = "Users", "src\Features\Users\Users.csproj", "{DF487D4B-9433-40D8-8AF8-8BAA3C12DFF1}"
EndProject
Global
	GlobalSection(SolutionConfigurationPlatforms) = preSolution
		Debug|Any CPU = Debug|Any CPU
		Debug|x64 = Debug|x64
		Debug|x86 = Debug|x86
		Release|Any CPU = Release|Any CPU
		Release|x64 = Release|x64
		Release|x86 = Release|x86
	EndGlobalSection
	GlobalSection(ProjectConfigurationPlatforms) = postSolution
		{0C0FB50E-95D6-40E8-B472-6C61778262C3}.Debug|Any CPU.ActiveCfg = Debug|Any CPU
		{0C0FB50E-95D6-40E8-B472-6C61778262C3}.Debug|Any CPU.Build.0 = Debug|Any CPU
		{0C0FB50E-95D6-40E8-B472-6C61778262C3}.Debug|x64.ActiveCfg = Debug|Any CPU
		{0C0FB50E-95D6-40E8-B472-6C61778262C3}.Debug|x64.Build.0 = Debug|Any CPU
		{0C0FB50E-95D6-40E8-B472-6C61778262C3}.Debug|x86.ActiveCfg = Debug|Any CPU
		{0C0FB50E-95D6-40E8-B472-6C61778262C3}.Debug|x86.Build.0 = Debug|Any CPU
		{0C0FB50E-95D6-40E8-B472-6C61778262C3}.Release|Any CPU.ActiveCfg = Release|Any CPU
		{0C0FB50E-95D6-40E8-B472-6C61778262C3}.Release|Any CPU.Build.0 = Release|Any CPU
		{0C0FB50E-95D6-40E8-B472-6C61778262C3}.Release|x64.ActiveCfg = Release|Any CPU
		{0C0FB50E-95D6-40E8-B472-6C61778262C3}.Release|x64.Build.0 = Release|Any CPU
		{0C0FB50E-95D6-40E8-B472-6C61778262C3}.Release|x86.ActiveCfg = Release|Any CPU
		{0C0FB50E-95D6-40E8-B472-6C61778262C3}.Release|x86.Build.0 = Release|Any CPU
		{803076EF-E319-41A9-9ABF-92D3CD354C5A}.Debug|Any CPU.ActiveCfg = Debug|Any CPU
		{803076EF-E319-41A9-9ABF-92D3CD354C5A}.Debug|Any CPU.Build.0 = Debug|Any CPU
		{803076EF-E319-41A9-9ABF-92D3CD354C5A}.Debug|x64.ActiveCfg = Debug|Any CPU
		{803076EF-E319-41A9-9ABF-92D3CD354C5A}.Debug|x64.Build.0 = Debug|Any CPU
		{803076EF-E319-41A9-9ABF-92D3CD354C5A}.Debug|x86.ActiveCfg = Debug|Any CPU
		{803076EF-E319-41A9-9ABF-92D3CD354C5A}.Debug|x86.Build.0 = Debug|Any CPU
		{803076EF-E319-41A9-9ABF-92D3CD354C5A}.Release|Any CPU.ActiveCfg = Release|Any CPU
		{803076EF-E319-41A9-9ABF-92D3CD354C5A}.Release|Any CPU.Build.0 = Release|Any CPU
		{803076EF-E319-41A9-9ABF-92D3CD354C5A}.Release|x64.ActiveCfg = Release|Any CPU
		{803076EF-E319-41A9-9ABF-92D3CD354C5A}.Release|x64.Build.0 = Release|Any CPU
		{803076EF-E319-41A9-9ABF-92D3CD354C5A}.Release|x86.ActiveCfg = Release|Any CPU
		{803076EF-E319-41A9-9ABF-92D3CD354C5A}.Release|x86.Build.0 = Release|Any CPU
		{81DDED9D-158B-E303-5F62-77A2896D2A5A}.Debug|Any CPU.ActiveCfg = Debug|Any CPU
		{81DDED9D-158B-E303-5F62-77A2896D2A5A}.Debug|Any CPU.Build.0 = Debug|Any CPU
		{81DDED9D-158B-E303-5F62-77A2896D2A5A}.Debug|x64.ActiveCfg = Debug|Any CPU
		{81DDED9D-158B-E303-5F62-77A2896D2A5A}.Debug|x64.Build.0 = Debug|Any CPU
		{81DDED9D-158B-E303-5F62-77A2896D2A5A}.Debug|x86.ActiveCfg = Debug|Any CPU
		{81DDED9D-158B-E303-5F62-77A2896D2A5A}.Debug|x86.Build.0 = Debug|Any CPU
		{81DDED9D-158B-E303-5F62-77A2896D2A5A}.Release|Any CPU.ActiveCfg = Release|Any CPU
		{81DDED9D-158B-E303-5F62-77A2896D2A5A}.Release|Any CPU.Build.0 = Release|Any CPU
		{81DDED9D-158B-E303-5F62-77A2896D2A5A}.Release|x64.ActiveCfg = Release|Any CPU
		{81DDED9D-158B-E303-5F62-77A2896D2A5A}.Release|x64.Build.0 = Release|Any CPU
		{81DDED9D-158B-E303-5F62-77A2896D2A5A}.Release|x86.ActiveCfg = Release|Any CPU
		{81DDED9D-158B-E303-5F62-77A2896D2A5A}.Release|x86.Build.0 = Release|Any CPU
		{EC54A57F-6035-4C90-98B0-B78B6A6B01D6}.Debug|Any CPU.ActiveCfg = Debug|Any CPU
		{EC54A57F-6035-4C90-98B0-B78B6A6B01D6}.Debug|Any CPU.Build.0 = Debug|Any CPU
		{EC54A57F-6035-4C90-98B0-B78B6A6B01D6}.Debug|x64.ActiveCfg = Debug|Any CPU
		{EC54A57F-6035-4C90-98B0-B78B6A6B01D6}.Debug|x64.Build.0 = Debug|Any CPU
		{EC54A57F-6035-4C90-98B0-B78B6A6B01D6}.Debug|x86.ActiveCfg = Debug|Any CPU
		{EC54A57F-6035-4C90-98B0-B78B6A6B01D6}.Debug|x86.Build.0 = Debug|Any CPU
		{EC54A57F-6035-4C90-98B0-B78B6A6B01D6}.Release|Any CPU.ActiveCfg = Release|Any CPU
		{EC54A57F-6035-4C90-98B0-B78B6A6B01D6}.Release|Any CPU.Build.0 = Release|Any CPU
		{EC54A57F-6035-4C90-98B0-B78B6A6B01D6}.Release|x64.ActiveCfg = Release|Any CPU
		{EC54A57F-6035-4C90-98B0-B78B6A6B01D6}.Release|x64.Build.0 = Release|Any CPU
		{EC54A57F-6035-4C90-98B0-B78B6A6B01D6}.Release|x86.ActiveCfg = Release|Any CPU
		{EC54A57F-6035-4C90-98B0-B78B6A6B01D6}.Release|x86.Build.0 = Release|Any CPU
		{2BC959B7-BAF5-4146-B765-7CBB2FEAAA3F}.Debug|Any CPU.ActiveCfg = Debug|Any CPU
		{2BC959B7-BAF5-4146-B765-7CBB2FEAAA3F}.Debug|Any CPU.Build.0 = Debug|Any CPU
		{2BC959B7-BAF5-4146-B765-7CBB2FEAAA3F}.Debug|x64.ActiveCfg = Debug|Any CPU
		{2BC959B7-BAF5-4146-B765-7CBB2FEAAA3F}.Debug|x64.Build.0 = Debug|Any CPU
		{2BC959B7-BAF5-4146-B765-7CBB2FEAAA3F}.Debug|x86.ActiveCfg = Debug|Any CPU
		{2BC959B7-BAF5-4146-B765-7CBB2FEAAA3F}.Debug|x86.Build.0 = Debug|Any CPU
		{2BC959B7-BAF5-4146-B765-7CBB2FEAAA3F}.Release|Any CPU.ActiveCfg = Release|Any CPU
		{2BC959B7-BAF5-4146-B765-7CBB2FEAAA3F}.Release|Any CPU.Build.0 = Release|Any CPU
		{2BC959B7-BAF5-4146-B765-7CBB2FEAAA3F}.Release|x64.ActiveCfg = Release|Any CPU
		{2BC959B7-BAF5-4146-B765-7CBB2FEAAA3F}.Release|x64.Build.0 = Release|Any CPU
		{2BC959B7-BAF5-4146-B765-7CBB2FEAAA3F}.Release|x86.ActiveCfg = Release|Any CPU
		{2BC959B7-BAF5-4146-B765-7CBB2FEAAA3F}.Release|x86.Build.0 = Release|Any CPU
		{26C016CF-8440-4765-A0C3-43B5C50E8E4A}.Debug|Any CPU.ActiveCfg = Debug|Any CPU
		{26C016CF-8440-4765-A0C3-43B5C50E8E4A}.Debug|Any CPU.Build.0 = Debug|Any CPU
		{26C016CF-8440-4765-A0C3-43B5C50E8E4A}.Debug|x64.ActiveCfg = Debug|Any CPU
		{26C016CF-8440-4765-A0C3-43B5C50E8E4A}.Debug|x64.Build.0 = Debug|Any CPU
		{26C016CF-8440-4765-A0C3-43B5C50E8E4A}.Debug|x86.ActiveCfg = Debug|Any CPU
		{26C016CF-8440-4765-A0C3-43B5C50E8E4A}.Debug|x86.Build.0 = Debug|Any CPU
		{26C016CF-8440-4765-A0C3-43B5C50E8E4A}.Release|Any CPU.ActiveCfg = Release|Any CPU
		{26C016CF-8440-4765-A0C3-43B5C50E8E4A}.Release|Any CPU.Build.0 = Release|Any CPU
		{26C016CF-8440-4765-A0C3-43B5C50E8E4A}.Release|x64.ActiveCfg = Release|Any CPU
		{26C016CF-8440-4765-A0C3-43B5C50E8E4A}.Release|x64.Build.0 = Release|Any CPU
		{26C016CF-8440-4765-A0C3-43B5C50E8E4A}.Release|x86.ActiveCfg = Release|Any CPU
		{26C016CF-8440-4765-A0C3-43B5C50E8E4A}.Release|x86.Build.0 = Release|Any CPU
		{0EFC126D-126F-4A36-A2F5-4202B1D23736}.Debug|Any CPU.ActiveCfg = Debug|Any CPU
		{0EFC126D-126F-4A36-A2F5-4202B1D23736}.Debug|Any CPU.Build.0 = Debug|Any CPU
		{0EFC126D-126F-4A36-A2F5-4202B1D23736}.Debug|x64.ActiveCfg = Debug|Any CPU
		{0EFC126D-126F-4A36-A2F5-4202B1D23736}.Debug|x64.Build.0 = Debug|Any CPU
		{0EFC126D-126F-4A36-A2F5-4202B1D23736}.Debug|x86.ActiveCfg = Debug|Any CPU
		{0EFC126D-126F-4A36-A2F5-4202B1D23736}.Debug|x86.Build.0 = Debug|Any CPU
		{0EFC126D-126F-4A36-A2F5-4202B1D23736}.Release|Any CPU.ActiveCfg = Release|Any CPU
		{0EFC126D-126F-4A36-A2F5-4202B1D23736}.Release|Any CPU.Build.0 = Release|Any CPU
		{0EFC126D-126F-4A36-A2F5-4202B1D23736}.Release|x64.ActiveCfg = Release|Any CPU
		{0EFC126D-126F-4A36-A2F5-4202B1D23736}.Release|x64.Build.0 = Release|Any CPU
		{0EFC126D-126F-4A36-A2F5-4202B1D23736}.Release|x86.ActiveCfg = Release|Any CPU
		{0EFC126D-126F-4A36-A2F5-4202B1D23736}.Release|x86.Build.0 = Release|Any CPU
		{CE008199-2D8C-47E5-9728-A790C5B18D20}.Debug|Any CPU.ActiveCfg = Debug|Any CPU
		{CE008199-2D8C-47E5-9728-A790C5B18D20}.Debug|Any CPU.Build.0 = Debug|Any CPU
		{CE008199-2D8C-47E5-9728-A790C5B18D20}.Debug|x64.ActiveCfg = Debug|Any CPU
		{CE008199-2D8C-47E5-9728-A790C5B18D20}.Debug|x64.Build.0 = Debug|Any CPU
		{CE008199-2D8C-47E5-9728-A790C5B18D20}.Debug|x86.ActiveCfg = Debug|Any CPU
		{CE008199-2D8C-47E5-9728-A790C5B18D20}.Debug|x86.Build.0 = Debug|Any CPU
		{CE008199-2D8C-47E5-9728-A790C5B18D20}.Release|Any CPU.ActiveCfg = Release|Any CPU
		{CE008199-2D8C-47E5-9728-A790C5B18D20}.Release|Any CPU.Build.0 = Release|Any CPU
		{CE008199-2D8C-47E5-9728-A790C5B18D20}.Release|x64.ActiveCfg = Release|Any CPU
		{CE008199-2D8C-47E5-9728-A790C5B18D20}.Release|x64.Build.0 = Release|Any CPU
		{CE008199-2D8C-47E5-9728-A790C5B18D20}.Release|x86.ActiveCfg = Release|Any CPU
		{CE008199-2D8C-47E5-9728-A790C5B18D20}.Release|x86.Build.0 = Release|Any CPU
		{4A269A52-9EB0-42C9-AF26-90064C4618C2}.Debug|Any CPU.ActiveCfg = Debug|Any CPU
		{4A269A52-9EB0-42C9-AF26-90064C4618C2}.Debug|Any CPU.Build.0 = Debug|Any CPU
		{4A269A52-9EB0-42C9-AF26-90064C4618C2}.Debug|x64.ActiveCfg = Debug|Any CPU
		{4A269A52-9EB0-42C9-AF26-90064C4618C2}.Debug|x64.Build.0 = Debug|Any CPU
		{4A269A52-9EB0-42C9-AF26-90064C4618C2}.Debug|x86.ActiveCfg = Debug|Any CPU
		{4A269A52-9EB0-42C9-AF26-90064C4618C2}.Debug|x86.Build.0 = Debug|Any CPU
		{4A269A52-9EB0-42C9-AF26-90064C4618C2}.Release|Any CPU.ActiveCfg = Release|Any CPU
		{4A269A52-9EB0-42C9-AF26-90064C4618C2}.Release|Any CPU.Build.0 = Release|Any CPU
		{4A269A52-9EB0-42C9-AF26-90064C4618C2}.Release|x64.ActiveCfg = Release|Any CPU
		{4A269A52-9EB0-42C9-AF26-90064C4618C2}.Release|x64.Build.0 = Release|Any CPU
		{4A269A52-9EB0-42C9-AF26-90064C4618C2}.Release|x86.ActiveCfg = Release|Any CPU
		{4A269A52-9EB0-42C9-AF26-90064C4618C2}.Release|x86.Build.0 = Release|Any CPU
		{FC108080-C59B-43C8-8BEF-748E5F064509}.Debug|Any CPU.ActiveCfg = Debug|Any CPU
		{FC108080-C59B-43C8-8BEF-748E5F064509}.Debug|Any CPU.Build.0 = Debug|Any CPU
		{FC108080-C59B-43C8-8BEF-748E5F064509}.Debug|x64.ActiveCfg = Debug|Any CPU
		{FC108080-C59B-43C8-8BEF-748E5F064509}.Debug|x64.Build.0 = Debug|Any CPU
		{FC108080-C59B-43C8-8BEF-748E5F064509}.Debug|x86.ActiveCfg = Debug|Any CPU
		{FC108080-C59B-43C8-8BEF-748E5F064509}.Debug|x86.Build.0 = Debug|Any CPU
		{FC108080-C59B-43C8-8BEF-748E5F064509}.Release|Any CPU.ActiveCfg = Release|Any CPU
		{FC108080-C59B-43C8-8BEF-748E5F064509}.Release|Any CPU.Build.0 = Release|Any CPU
		{FC108080-C59B-43C8-8BEF-748E5F064509}.Release|x64.ActiveCfg = Release|Any CPU
		{FC108080-C59B-43C8-8BEF-748E5F064509}.Release|x64.Build.0 = Release|Any CPU
		{FC108080-C59B-43C8-8BEF-748E5F064509}.Release|x86.ActiveCfg = Release|Any CPU
		{FC108080-C59B-43C8-8BEF-748E5F064509}.Release|x86.Build.0 = Release|Any CPU
		{67254AE8-EAE2-4325-BA88-2CD5DBB7F196}.Debug|Any CPU.ActiveCfg = Debug|Any CPU
		{67254AE8-EAE2-4325-BA88-2CD5DBB7F196}.Debug|Any CPU.Build.0 = Debug|Any CPU
		{67254AE8-EAE2-4325-BA88-2CD5DBB7F196}.Debug|x64.ActiveCfg = Debug|Any CPU
		{67254AE8-EAE2-4325-BA88-2CD5DBB7F196}.Debug|x64.Build.0 = Debug|Any CPU
		{67254AE8-EAE2-4325-BA88-2CD5DBB7F196}.Debug|x86.ActiveCfg = Debug|Any CPU
		{67254AE8-EAE2-4325-BA88-2CD5DBB7F196}.Debug|x86.Build.0 = Debug|Any CPU
		{67254AE8-EAE2-4325-BA88-2CD5DBB7F196}.Release|Any CPU.ActiveCfg = Release|Any CPU
		{67254AE8-EAE2-4325-BA88-2CD5DBB7F196}.Release|Any CPU.Build.0 = Release|Any CPU
		{67254AE8-EAE2-4325-BA88-2CD5DBB7F196}.Release|x64.ActiveCfg = Release|Any CPU
		{67254AE8-EAE2-4325-BA88-2CD5DBB7F196}.Release|x64.Build.0 = Release|Any CPU
		{67254AE8-EAE2-4325-BA88-2CD5DBB7F196}.Release|x86.ActiveCfg = Release|Any CPU
		{67254AE8-EAE2-4325-BA88-2CD5DBB7F196}.Release|x86.Build.0 = Release|Any CPU
		{DF487D4B-9433-40D8-8AF8-8BAA3C12DFF1}.Debug|Any CPU.ActiveCfg = Debug|Any CPU
		{DF487D4B-9433-40D8-8AF8-8BAA3C12DFF1}.Debug|Any CPU.Build.0 = Debug|Any CPU
		{DF487D4B-9433-40D8-8AF8-8BAA3C12DFF1}.Debug|x64.ActiveCfg = Debug|Any CPU
		{DF487D4B-9433-40D8-8AF8-8BAA3C12DFF1}.Debug|x64.Build.0 = Debug|Any CPU
		{DF487D4B-9433-40D8-8AF8-8BAA3C12DFF1}.Debug|x86.ActiveCfg = Debug|Any CPU
		{DF487D4B-9433-40D8-8AF8-8BAA3C12DFF1}.Debug|x86.Build.0 = Debug|Any CPU
		{DF487D4B-9433-40D8-8AF8-8BAA3C12DFF1}.Release|Any CPU.ActiveCfg = Release|Any CPU
		{DF487D4B-9433-40D8-8AF8-8BAA3C12DFF1}.Release|Any CPU.Build.0 = Release|Any CPU
		{DF487D4B-9433-40D8-8AF8-8BAA3C12DFF1}.Release|x64.ActiveCfg = Release|Any CPU
		{DF487D4B-9433-40D8-8AF8-8BAA3C12DFF1}.Release|x64.Build.0 = Release|Any CPU
		{DF487D4B-9433-40D8-8AF8-8BAA3C12DFF1}.Release|x86.ActiveCfg = Release|Any CPU
		{DF487D4B-9433-40D8-8AF8-8BAA3C12DFF1}.Release|x86.Build.0 = Release|Any CPU
	EndGlobalSection
	GlobalSection(SolutionProperties) = preSolution
		HideSolutionNode = FALSE
	EndGlobalSection
	GlobalSection(NestedProjects) = preSolution
		{0C0FB50E-95D6-40E8-B472-6C61778262C3} = {827E0CD3-B72D-47B6-A68D-7590B98EB39B}
		{803076EF-E319-41A9-9ABF-92D3CD354C5A} = {827E0CD3-B72D-47B6-A68D-7590B98EB39B}
		{8EC462FD-D22E-90A8-E5CE-7E832BA40C5D} = {827E0CD3-B72D-47B6-A68D-7590B98EB39B}
		{EC54A57F-6035-4C90-98B0-B78B6A6B01D6} = {827E0CD3-B72D-47B6-A68D-7590B98EB39B}
		{E81CAA0A-8D6A-E3B6-28B3-AB416E1657A7} = {827E0CD3-B72D-47B6-A68D-7590B98EB39B}
		{2BC959B7-BAF5-4146-B765-7CBB2FEAAA3F} = {E81CAA0A-8D6A-E3B6-28B3-AB416E1657A7}
		{26C016CF-8440-4765-A0C3-43B5C50E8E4A} = {E81CAA0A-8D6A-E3B6-28B3-AB416E1657A7}
		{0EFC126D-126F-4A36-A2F5-4202B1D23736} = {E81CAA0A-8D6A-E3B6-28B3-AB416E1657A7}
		{CE008199-2D8C-47E5-9728-A790C5B18D20} = {E81CAA0A-8D6A-E3B6-28B3-AB416E1657A7}
		{4A269A52-9EB0-42C9-AF26-90064C4618C2} = {E81CAA0A-8D6A-E3B6-28B3-AB416E1657A7}
		{FC108080-C59B-43C8-8BEF-748E5F064509} = {E81CAA0A-8D6A-E3B6-28B3-AB416E1657A7}
		{67254AE8-EAE2-4325-BA88-2CD5DBB7F196} = {827E0CD3-B72D-47B6-A68D-7590B98EB39B}
		{DF487D4B-9433-40D8-8AF8-8BAA3C12DFF1} = {E81CAA0A-8D6A-E3B6-28B3-AB416E1657A7}
	EndGlobalSection
	GlobalSection(ExtensibilityGlobals) = postSolution
		SolutionGuid = {68D2B295-60B4-4628-8798-262DD3CE285F}
	EndGlobalSection
EndGlobal
