
Microsoft Visual Studio Solution File, Format Version 12.00
# Visual Studio Version 17
VisualStudioVersion = 17.14.36221.1 d17.14
MinimumVisualStudioVersion = 10.0.40219.1
Project("{FAE04EC0-301F-11D3-BF4B-00C04F79EFBC}") = "ProjectBoardApi", "ProjectBoardApi\ProjectBoardApi.csproj", "{185081A0-1228-492A-86D7-7D2B4BFE2906}"
EndProject
Global
	GlobalSection(SolutionConfigurationPlatforms) = preSolution
		Debug|Any CPU = Debug|Any CPU
		Release|Any CPU = Release|Any CPU
	EndGlobalSection
	GlobalSection(ProjectConfigurationPlatforms) = postSolution
		{185081A0-1228-492A-86D7-7D2B4BFE2906}.Debug|Any CPU.ActiveCfg = Debug|Any CPU
		{185081A0-1228-492A-86D7-7D2B4BFE2906}.Debug|Any CPU.Build.0 = Debug|Any CPU
		{185081A0-1228-492A-86D7-7D2B4BFE2906}.Release|Any CPU.ActiveCfg = Release|Any CPU
		{185081A0-1228-492A-86D7-7D2B4BFE2906}.Release|Any CPU.Build.0 = Release|Any CPU
	EndGlobalSection
	GlobalSection(SolutionProperties) = preSolution
		HideSolutionNode = FALSE
	EndGlobalSection
	GlobalSection(ExtensibilityGlobals) = postSolution
		SolutionGuid = {C3CBE23B-70B2-49BC-B207-ACE192044B5A}
	EndGlobalSection
EndGlobal
